
Microsoft Visual Studio Solution File, Format Version 12.00
# Visual Studio 15
VisualStudioVersion = 15.0.28010.2036
MinimumVisualStudioVersion = 10.0.40219.1
Project("{FAE04EC0-301F-11D3-BF4B-00C04F79EFBC}") = "ReceiptWebApp", "ReceiptWebApp\ReceiptWebApp.csproj", "{5258E1A6-CB0F-463B-B8CF-A76C8F1A4E03}"
EndProject
Global
	GlobalSection(SolutionConfigurationPlatforms) = preSolution
		Debug|Any CPU = Debug|Any CPU
		Release|Any CPU = Release|Any CPU
	EndGlobalSection
	GlobalSection(ProjectConfigurationPlatforms) = postSolution
		{5258E1A6-CB0F-463B-B8CF-A76C8F1A4E03}.Debug|Any CPU.ActiveCfg = Debug|Any CPU
		{5258E1A6-CB0F-463B-B8CF-A76C8F1A4E03}.Debug|Any CPU.Build.0 = Debug|Any CPU
		{5258E1A6-CB0F-463B-B8CF-A76C8F1A4E03}.Release|Any CPU.ActiveCfg = Release|Any CPU
		{5258E1A6-CB0F-463B-B8CF-A76C8F1A4E03}.Release|Any CPU.Build.0 = Release|Any CPU
	EndGlobalSection
	GlobalSection(SolutionProperties) = preSolution
		HideSolutionNode = FALSE
	EndGlobalSection
	GlobalSection(ExtensibilityGlobals) = postSolution
		SolutionGuid = {1C847878-DAF0-4594-A4B5-2587750524F5}
	EndGlobalSection
EndGlobal
